// !$*UTF8*$!
{
	archiveVersion = 1;
	classes = {
	};
	objectVersion = 46;
	objects = {

/* Begin PBXBuildFile section */
		7B7415331AC7033900B45983 /* AppDelegate.swift in Sources */ = {isa = PBXBuildFile; fileRef = 7B7415321AC7033900B45983 /* AppDelegate.swift */; };
		7B7415351AC7033900B45983 /* RecordSoundsViewController.swift in Sources */ = {isa = PBXBuildFile; fileRef = 7B7415341AC7033900B45983 /* RecordSoundsViewController.swift */; };
		7B7415381AC7033900B45983 /* Main.storyboard in Resources */ = {isa = PBXBuildFile; fileRef = 7B7415361AC7033900B45983 /* Main.storyboard */; };
		7B74153A1AC7033900B45983 /* Images.xcassets in Resources */ = {isa = PBXBuildFile; fileRef = 7B7415391AC7033900B45983 /* Images.xcassets */; };
		7B74153D1AC7033900B45983 /* LaunchScreen.xib in Resources */ = {isa = PBXBuildFile; fileRef = 7B74153B1AC7033900B45983 /* LaunchScreen.xib */; };
		7B7415491AC7033900B45983 /* Pitch_PerfectTests.swift in Sources */ = {isa = PBXBuildFile; fileRef = 7B7415481AC7033900B45983 /* Pitch_PerfectTests.swift */; };
		7B7415531AC707B900B45983 /* PlaySoundsViewController.swift in Sources */ = {isa = PBXBuildFile; fileRef = 7B7415521AC707B900B45983 /* PlaySoundsViewController.swift */; };
		7B7415571AC709B000B45983 /* movie_quote.mp3 in Resources */ = {isa = PBXBuildFile; fileRef = 7B7415561AC709B000B45983 /* movie_quote.mp3 */; };
		7BE146A21AD194C700F407A0 /* RecordedAudio.swift in Sources */ = {isa = PBXBuildFile; fileRef = 7BE146A11AD194C700F407A0 /* RecordedAudio.swift */; };
/* End PBXBuildFile section */

/* Begin PBXContainerItemProxy section */
		7B7415431AC7033900B45983 /* PBXContainerItemProxy */ = {
			isa = PBXContainerItemProxy;
			containerPortal = 7B7415251AC7033900B45983 /* Project object */;
			proxyType = 1;
			remoteGlobalIDString = 7B74152C1AC7033900B45983;
			remoteInfo = "Pitch Perfect";
		};
/* End PBXContainerItemProxy section */

/* Begin PBXFileReference section */
		7B74152D1AC7033900B45983 /* Pitch Perfect.app */ = {isa = PBXFileReference; explicitFileType = wrapper.application; includeInIndex = 0; path = "Pitch Perfect.app"; sourceTree = BUILT_PRODUCTS_DIR; };
		7B7415311AC7033900B45983 /* Info.plist */ = {isa = PBXFileReference; lastKnownFileType = text.plist.xml; path = Info.plist; sourceTree = "<group>"; };
		7B7415321AC7033900B45983 /* AppDelegate.swift */ = {isa = PBXFileReference; lastKnownFileType = sourcecode.swift; path = AppDelegate.swift; sourceTree = "<group>"; };
		7B7415341AC7033900B45983 /* RecordSoundsViewController.swift */ = {isa = PBXFileReference; lastKnownFileType = sourcecode.swift; path = RecordSoundsViewController.swift; sourceTree = "<group>"; };
		7B7415371AC7033900B45983 /* Base */ = {isa = PBXFileReference; lastKnownFileType = file.storyboard; name = Base; path = Base.lproj/Main.storyboard; sourceTree = "<group>"; };
		7B7415391AC7033900B45983 /* Images.xcassets */ = {isa = PBXFileReference; lastKnownFileType = folder.assetcatalog; path = Images.xcassets; sourceTree = "<group>"; };
		7B74153C1AC7033900B45983 /* Base */ = {isa = PBXFileReference; lastKnownFileType = file.xib; name = Base; path = Base.lproj/LaunchScreen.xib; sourceTree = "<group>"; };
		7B7415421AC7033900B45983 /* Pitch PerfectTests.xctest */ = {isa = PBXFileReference; explicitFileType = wrapper.cfbundle; includeInIndex = 0; path = "Pitch PerfectTests.xctest"; sourceTree = BUILT_PRODUCTS_DIR; };
		7B7415471AC7033900B45983 /* Info.plist */ = {isa = PBXFileReference; lastKnownFileType = text.plist.xml; path = Info.plist; sourceTree = "<group>"; };
		7B7415481AC7033900B45983 /* Pitch_PerfectTests.swift */ = {isa = PBXFileReference; lastKnownFileType = sourcecode.swift; path = Pitch_PerfectTests.swift; sourceTree = "<group>"; };
		7B7415521AC707B900B45983 /* PlaySoundsViewController.swift */ = {isa = PBXFileReference; fileEncoding = 4; lastKnownFileType = sourcecode.swift; path = PlaySoundsViewController.swift; sourceTree = "<group>"; };
		7B7415561AC709B000B45983 /* movie_quote.mp3 */ = {isa = PBXFileReference; lastKnownFileType = audio.mp3; name = movie_quote.mp3; path = ../movie_quote.mp3; sourceTree = "<group>"; };
		7BE146A11AD194C700F407A0 /* RecordedAudio.swift */ = {isa = PBXFileReference; fileEncoding = 4; lastKnownFileType = sourcecode.swift; path = RecordedAudio.swift; sourceTree = "<group>"; };
/* End PBXFileReference section */

/* Begin PBXFrameworksBuildPhase section */
		7B74152A1AC7033900B45983 /* Frameworks */ = {
			isa = PBXFrameworksBuildPhase;
			buildActionMask = 2147483647;
			files = (
			);
			runOnlyForDeploymentPostprocessing = 0;
		};
		7B74153F1AC7033900B45983 /* Frameworks */ = {
			isa = PBXFrameworksBuildPhase;
			buildActionMask = 2147483647;
			files = (
			);
			runOnlyForDeploymentPostprocessing = 0;
		};
/* End PBXFrameworksBuildPhase section */

/* Begin PBXGroup section */
		7B7415241AC7033900B45983 = {
			isa = PBXGroup;
			children = (
				7B74152F1AC7033900B45983 /* Pitch Perfect */,
				7B7415451AC7033900B45983 /* Pitch PerfectTests */,
				7B74152E1AC7033900B45983 /* Products */,
			);
			sourceTree = "<group>";
		};
		7B74152E1AC7033900B45983 /* Products */ = {
			isa = PBXGroup;
			children = (
				7B74152D1AC7033900B45983 /* Pitch Perfect.app */,
				7B7415421AC7033900B45983 /* Pitch PerfectTests.xctest */,
			);
			name = Products;
			sourceTree = "<group>";
		};
		7B74152F1AC7033900B45983 /* Pitch Perfect */ = {
			isa = PBXGroup;
			children = (
				7B7415321AC7033900B45983 /* AppDelegate.swift */,
				7B7415341AC7033900B45983 /* RecordSoundsViewController.swift */,
				7BE146A11AD194C700F407A0 /* RecordedAudio.swift */,
				7B7415361AC7033900B45983 /* Main.storyboard */,
				7B7415521AC707B900B45983 /* PlaySoundsViewController.swift */,
				7B7415391AC7033900B45983 /* Images.xcassets */,
				7B74153B1AC7033900B45983 /* LaunchScreen.xib */,
				7B7415301AC7033900B45983 /* Supporting Files */,
			);
			path = "Pitch Perfect";
			sourceTree = "<group>";
		};
		7B7415301AC7033900B45983 /* Supporting Files */ = {
			isa = PBXGroup;
			children = (
				7B7415561AC709B000B45983 /* movie_quote.mp3 */,
				7B7415311AC7033900B45983 /* Info.plist */,
			);
			name = "Supporting Files";
			sourceTree = "<group>";
		};
		7B7415451AC7033900B45983 /* Pitch PerfectTests */ = {
			isa = PBXGroup;
			children = (
				7B7415481AC7033900B45983 /* Pitch_PerfectTests.swift */,
				7B7415461AC7033900B45983 /* Supporting Files */,
			);
			path = "Pitch PerfectTests";
			sourceTree = "<group>";
		};
		7B7415461AC7033900B45983 /* Supporting Files */ = {
			isa = PBXGroup;
			children = (
				7B7415471AC7033900B45983 /* Info.plist */,
			);
			name = "Supporting Files";
			sourceTree = "<group>";
		};
/* End PBXGroup section */

/* Begin PBXNativeTarget section */
		7B74152C1AC7033900B45983 /* Pitch Perfect */ = {
			isa = PBXNativeTarget;
			buildConfigurationList = 7B74154C1AC7033900B45983 /* Build configuration list for PBXNativeTarget "Pitch Perfect" */;
			buildPhases = (
				7B7415291AC7033900B45983 /* Sources */,
				7B74152A1AC7033900B45983 /* Frameworks */,
				7B74152B1AC7033900B45983 /* Resources */,
			);
			buildRules = (
			);
			dependencies = (
			);
			name = "Pitch Perfect";
			productName = "Pitch Perfect";
			productReference = 7B74152D1AC7033900B45983 /* Pitch Perfect.app */;
			productType = "com.apple.product-type.application";
		};
		7B7415411AC7033900B45983 /* Pitch PerfectTests */ = {
			isa = PBXNativeTarget;
			buildConfigurationList = 7B74154F1AC7033900B45983 /* Build configuration list for PBXNativeTarget "Pitch PerfectTests" */;
			buildPhases = (
				7B74153E1AC7033900B45983 /* Sources */,
				7B74153F1AC7033900B45983 /* Frameworks */,
				7B7415401AC7033900B45983 /* Resources */,
			);
			buildRules = (
			);
			dependencies = (
				7B7415441AC7033900B45983 /* PBXTargetDependency */,
			);
			name = "Pitch PerfectTests";
			productName = "Pitch PerfectTests";
			productReference = 7B7415421AC7033900B45983 /* Pitch PerfectTests.xctest */;
			productType = "com.apple.product-type.bundle.unit-test";
		};
/* End PBXNativeTarget section */

/* Begin PBXProject section */
		7B7415251AC7033900B45983 /* Project object */ = {
			isa = PBXProject;
			attributes = {
				LastUpgradeCheck = 0620;
				ORGANIZATIONNAME = Acme;
				TargetAttributes = {
					7B74152C1AC7033900B45983 = {
						CreatedOnToolsVersion = 6.2;
					};
					7B7415411AC7033900B45983 = {
						CreatedOnToolsVersion = 6.2;
						TestTargetID = 7B74152C1AC7033900B45983;
					};
				};
			};
			buildConfigurationList = 7B7415281AC7033900B45983 /* Build configuration list for PBXProject "Pitch Perfect" */;
			compatibilityVersion = "Xcode 3.2";
			developmentRegion = English;
			hasScannedForEncodings = 0;
			knownRegions = (
				en,
				Base,
			);
			mainGroup = 7B7415241AC7033900B45983;
			productRefGroup = 7B74152E1AC7033900B45983 /* Products */;
			projectDirPath = "";
			projectRoot = "";
			targets = (
				7B74152C1AC7033900B45983 /* Pitch Perfect */,
				7B7415411AC7033900B45983 /* Pitch PerfectTests */,
			);
		};
/* End PBXProject section */

/* Begin PBXResourcesBuildPhase section */
		7B74152B1AC7033900B45983 /* Resources */ = {
			isa = PBXResourcesBuildPhase;
			buildActionMask = 2147483647;
			files = (
				7B7415381AC7033900B45983 /* Main.storyboard in Resources */,
				7B74153D1AC7033900B45983 /* LaunchScreen.xib in Resources */,
				7B7415571AC709B000B45983 /* movie_quote.mp3 in Resources */,
				7B74153A1AC7033900B45983 /* Images.xcassets in Resources */,
			);
			runOnlyForDeploymentPostprocessing = 0;
		};
		7B7415401AC7033900B45983 /* Resources */ = {
			isa = PBXResourcesBuildPhase;
			buildActionMask = 2147483647;
			files = (
			);
			runOnlyForDeploymentPostprocessing = 0;
		};
/* End PBXResourcesBuildPhase section */

/* Begin PBXSourcesBuildPhase section */
		7B7415291AC7033900B45983 /* Sources */ = {
			isa = PBXSourcesBuildPhase;
			buildActionMask = 2147483647;
			files = (
				7BE146A21AD194C700F407A0 /* RecordedAudio.swift in Sources */,
				7B7415351AC7033900B45983 /* RecordSoundsViewController.swift in Sources */,
				7B7415531AC707B900B45983 /* PlaySoundsViewController.swift in Sources */,
				7B7415331AC7033900B45983 /* AppDelegate.swift in Sources */,
			);
			runOnlyForDeploymentPostprocessing = 0;
		};
		7B74153E1AC7033900B45983 /* Sources */ = {
			isa = PBXSourcesBuildPhase;
			buildActionMask = 2147483647;
			files = (
				7B7415491AC7033900B45983 /* Pitch_PerfectTests.swift in Sources */,
			);
			runOnlyForDeploymentPostprocessing = 0;
		};
/* End PBXSourcesBuildPhase section */

/* Begin PBXTargetDependency section */
		7B7415441AC7033900B45983 /* PBXTargetDependency */ = {
			isa = PBXTargetDependency;
			target = 7B74152C1AC7033900B45983 /* Pitch Perfect */;
			targetProxy = 7B7415431AC7033900B45983 /* PBXContainerItemProxy */;
		};
/* End PBXTargetDependency section */

/* Begin PBXVariantGroup section */
		7B7415361AC7033900B45983 /* Main.storyboard */ = {
			isa = PBXVariantGroup;
			children = (
				7B7415371AC7033900B45983 /* Base */,
			);
			name = Main.storyboard;
			sourceTree = "<group>";
		};
		7B74153B1AC7033900B45983 /* LaunchScreen.xib */ = {
			isa = PBXVariantGroup;
			children = (
				7B74153C1AC7033900B45983 /* Base */,
			);
			name = LaunchScreen.xib;
			sourceTree = "<group>";
		};
/* End PBXVariantGroup section */

/* Begin XCBuildConfiguration section */
		7B74154A1AC7033900B45983 /* Debug */ = {
			isa = XCBuildConfiguration;
			buildSettings = {
				ALWAYS_SEARCH_USER_PATHS = NO;
				CLANG_CXX_LANGUAGE_STANDARD = "gnu++0x";
				CLANG_CXX_LIBRARY = "libc++";
				CLANG_ENABLE_MODULES = YES;
				CLANG_ENABLE_OBJC_ARC = YES;
				CLANG_WARN_BOOL_CONVERSION = YES;
				CLANG_WARN_CONSTANT_CONVERSION = YES;
				CLANG_WARN_DIRECT_OBJC_ISA_USAGE = YES_ERROR;
				CLANG_WARN_EMPTY_BODY = YES;
				CLANG_WARN_ENUM_CONVERSION = YES;
				CLANG_WARN_INT_CONVERSION = YES;
				CLANG_WARN_OBJC_ROOT_CLASS = YES_ERROR;
				CLANG_WARN_UNREACHABLE_CODE = YES;
				CLANG_WARN__DUPLICATE_METHOD_MATCH = YES;
				"CODE_SIGN_IDENTITY[sdk=iphoneos*]" = "iPhone Developer";
				COPY_PHASE_STRIP = NO;
				ENABLE_STRICT_OBJC_MSGSEND = YES;
				GCC_C_LANGUAGE_STANDARD = gnu99;
				GCC_DYNAMIC_NO_PIC = NO;
				GCC_OPTIMIZATION_LEVEL = 0;
				GCC_PREPROCESSOR_DEFINITIONS = (
					"DEBUG=1",
					"$(inherited)",
				);
				GCC_SYMBOLS_PRIVATE_EXTERN = NO;
				GCC_WARN_64_TO_32_BIT_CONVERSION = YES;
				GCC_WARN_ABOUT_RETURN_TYPE = YES_ERROR;
				GCC_WARN_UNDECLARED_SELECTOR = YES;
				GCC_WARN_UNINITIALIZED_AUTOS = YES_AGGRESSIVE;
				GCC_WARN_UNUSED_FUNCTION = YES;
				GCC_WARN_UNUSED_VARIABLE = YES;
				IPHONEOS_DEPLOYMENT_TARGET = 8.2;
				MTL_ENABLE_DEBUG_INFO = YES;
				ONLY_ACTIVE_ARCH = YES;
				SDKROOT = iphoneos;
				SWIFT_OPTIMIZATION_LEVEL = "-Onone";
			};
			name = Debug;
		};
		7B74154B1AC7033900B45983 /* Release */ = {
			isa = XCBuildConfiguration;
			buildSettings = {
				ALWAYS_SEARCH_USER_PATHS = NO;
				CLANG_CXX_LANGUAGE_STANDARD = "gnu++0x";
				CLANG_CXX_LIBRARY = "libc++";
				CLANG_ENABLE_MODULES = YES;
				CLANG_ENABLE_OBJC_ARC = YES;
				CLANG_WARN_BOOL_CONVERSION = YES;
				CLANG_WARN_CONSTANT_CONVERSION = YES;
				CLANG_WARN_DIRECT_OBJC_ISA_USAGE = YES_ERROR;
				CLANG_WARN_EMPTY_BODY = YES;
				CLANG_WARN_ENUM_CONVERSION = YES;
				CLANG_WARN_INT_CONVERSION = YES;
				CLANG_WARN_OBJC_ROOT_CLASS = YES_ERROR;
				CLANG_WARN_UNREACHABLE_CODE = YES;
				CLANG_WARN__DUPLICATE_METHOD_MATCH = YES;
				"CODE_SIGN_IDENTITY[sdk=iphoneos*]" = "iPhone Developer";
				COPY_PHASE_STRIP = NO;
				ENABLE_NS_ASSERTIONS = NO;
				ENABLE_STRICT_OBJC_MSGSEND = YES;
				GCC_C_LANGUAGE_STANDARD = gnu99;
				GCC_WARN_64_TO_32_BIT_CONVERSION = YES;
				GCC_WARN_ABOUT_RETURN_TYPE = YES_ERROR;
				GCC_WARN_UNDECLARED_SELECTOR = YES;
				GCC_WARN_UNINITIALIZED_AUTOS = YES_AGGRESSIVE;
				GCC_WARN_UNUSED_FUNCTION = YES;
				GCC_WARN_UNUSED_VARIABLE = YES;
				IPHONEOS_DEPLOYMENT_TARGET = 8.2;
				MTL_ENABLE_DEBUG_INFO = NO;
				SDKROOT = iphoneos;
				VALIDATE_PRODUCT = YES;
			};
			name = Release;
		};
		7B74154D1AC7033900B45983 /* Debug */ = {
			isa = XCBuildConfiguration;
			buildSettings = {
				ASSETCATALOG_COMPILER_APPICON_NAME = AppIcon;
				INFOPLIST_FILE = "Pitch Perfect/Info.plist";
				LD_RUNPATH_SEARCH_PATHS = "$(inherited) @executable_path/Frameworks";
				PRODUCT_NAME = "$(TARGET_NAME)";
			};
			name = Debug;
		};
		7B74154E1AC7033900B45983 /* Release */ = {
			isa = XCBuildConfiguration;
			buildSettings = {
				ASSETCATALOG_COMPILER_APPICON_NAME = AppIcon;
				INFOPLIST_FILE = "Pitch Perfect/Info.plist";
				LD_RUNPATH_SEARCH_PATHS = "$(inherited) @executable_path/Frameworks";
				PRODUCT_NAME = "$(TARGET_NAME)";
			};
			name = Release;
		};
		7B7415501AC7033900B45983 /* Debug */ = {
			isa = XCBuildConfiguration;
			buildSettings = {
				BUNDLE_LOADER = "$(TEST_HOST)";
				FRAMEWORK_SEARCH_PATHS = (
					"$(SDKROOT)/Developer/Library/Frameworks",
					"$(inherited)",
				);
				GCC_PREPROCESSOR_DEFINITIONS = (
					"DEBUG=1",
					"$(inherited)",
				);
				INFOPLIST_FILE = "Pitch PerfectTests/Info.plist";
				LD_RUNPATH_SEARCH_PATHS = "$(inherited) @executable_path/Frameworks @loader_path/Frameworks";
				PRODUCT_NAME = "$(TARGET_NAME)";
				TEST_HOST = "$(BUILT_PRODUCTS_DIR)/Pitch Perfect.app/Pitch Perfect";
			};
			name = Debug;
		};
		7B7415511AC7033900B45983 /* Release */ = {
			isa = XCBuildConfiguration;
			buildSettings = {
				BUNDLE_LOADER = "$(TEST_HOST)";
				FRAMEWORK_SEARCH_PATHS = (
					"$(SDKROOT)/Developer/Library/Frameworks",
					"$(inherited)",
				);
				INFOPLIST_FILE = "Pitch PerfectTests/Info.plist";
				LD_RUNPATH_SEARCH_PATHS = "$(inherited) @executable_path/Frameworks @loader_path/Frameworks";
				PRODUCT_NAME = "$(TARGET_NAME)";
				TEST_HOST = "$(BUILT_PRODUCTS_DIR)/Pitch Perfect.app/Pitch Perfect";
			};
			name = Release;
		};
/* End XCBuildConfiguration section */

/* Begin XCConfigurationList section */
		7B7415281AC7033900B45983 /* Build configuration list for PBXProject "Pitch Perfect" */ = {
			isa = XCConfigurationList;
			buildConfigurations = (
				7B74154A1AC7033900B45983 /* Debug */,
				7B74154B1AC7033900B45983 /* Release */,
			);
			defaultConfigurationIsVisible = 0;
			defaultConfigurationName = Release;
		};
		7B74154C1AC7033900B45983 /* Build configuration list for PBXNativeTarget "Pitch Perfect" */ = {
			isa = XCConfigurationList;
			buildConfigurations = (
				7B74154D1AC7033900B45983 /* Debug */,
				7B74154E1AC7033900B45983 /* Release */,
			);
			defaultConfigurationIsVisible = 0;
			defaultConfigurationName = Release;
		};
		7B74154F1AC7033900B45983 /* Build configuration list for PBXNativeTarget "Pitch PerfectTests" */ = {
			isa = XCConfigurationList;
			buildConfigurations = (
				7B7415501AC7033900B45983 /* Debug */,
				7B7415511AC7033900B45983 /* Release */,
			);
			defaultConfigurationIsVisible = 0;
			defaultConfigurationName = Release;
		};
/* End XCConfigurationList section */
	};
	rootObject = 7B7415251AC7033900B45983 /* Project object */;
}
